<?xml version="1.0" encoding="utf-8"?>
<Project ToolsVersion="4.0" xmlns="http://schemas.microsoft.com/developer/msbuild/2003">
  <ItemGroup>
    <ClCompile Include="demo\demo.cc" />
    <ClCompile Include="demo\wavreader.c" />
    <ClCompile Include="demo\wavwriter.c" />
  </ItemGroup>
  <ItemGroup>
    <ClInclude Include="demo\wavreader.h" />
    <ClInclude Include="demo\wavwriter.h" />
  </ItemGroup>
</Project>